// !$*UTF8*$!
{
	archiveVersion = 1;
	classes = {
	};
	objectVersion = 55;
	objects = {

/* Begin PBXBuildFile section */
		0E0487D16BC609F2384FA58A /* Pods_LicensePlistTestTests.framework in Frameworks */ = {isa = PBXBuildFile; fileRef = 4CDC6D5D0BBDE5EEC539BD9D /* Pods_LicensePlistTestTests.framework */; };
		1FCA6B8CD53D21257B50B0A9 /* Pods_LicensePlistTest.framework in Frameworks */ = {isa = PBXBuildFile; fileRef = E14E2D8739659142913B63A2 /* Pods_LicensePlistTest.framework */; };
		7904375F40F4EB18CBFC0022 /* Pods_LicensePlistTest_LicensePlistTestUITests.framework in Frameworks */ = {isa = PBXBuildFile; fileRef = 9CD323064145E9CAF1146F34 /* Pods_LicensePlistTest_LicensePlistTestUITests.framework */; };
		D509DB362768983F00BF01E0 /* LicensePlistTestApp.swift in Sources */ = {isa = PBXBuildFile; fileRef = D509DB352768983F00BF01E0 /* LicensePlistTestApp.swift */; };
		D509DB382768983F00BF01E0 /* ContentView.swift in Sources */ = {isa = PBXBuildFile; fileRef = D509DB372768983F00BF01E0 /* ContentView.swift */; };
		D509DB3A2768984100BF01E0 /* Assets.xcassets in Resources */ = {isa = PBXBuildFile; fileRef = D509DB392768984100BF01E0 /* Assets.xcassets */; };
		D509DB3D2768984100BF01E0 /* Preview Assets.xcassets in Resources */ = {isa = PBXBuildFile; fileRef = D509DB3C2768984100BF01E0 /* Preview Assets.xcassets */; };
		D509DB472768984100BF01E0 /* LicensePlistTestTests.swift in Sources */ = {isa = PBXBuildFile; fileRef = D509DB462768984100BF01E0 /* LicensePlistTestTests.swift */; };
		D509DB512768984200BF01E0 /* LicensePlistTestUITests.swift in Sources */ = {isa = PBXBuildFile; fileRef = D509DB502768984200BF01E0 /* LicensePlistTestUITests.swift */; };
		D509DB532768984200BF01E0 /* LicensePlistTestUITestsLaunchTests.swift in Sources */ = {isa = PBXBuildFile; fileRef = D509DB522768984200BF01E0 /* LicensePlistTestUITestsLaunchTests.swift */; };
		D509DB7A2769AF3900BF01E0 /* Settings.bundle in Resources */ = {isa = PBXBuildFile; fileRef = D509DB792769AF3900BF01E0 /* Settings.bundle */; };
/* End PBXBuildFile section */

/* Begin PBXContainerItemProxy section */
		D509DB432768984100BF01E0 /* PBXContainerItemProxy */ = {
			isa = PBXContainerItemProxy;
			containerPortal = D509DB2A2768983E00BF01E0 /* Project object */;
			proxyType = 1;
			remoteGlobalIDString = D509DB312768983F00BF01E0;
			remoteInfo = LicensePlistTest;
		};
		D509DB4D2768984200BF01E0 /* PBXContainerItemProxy */ = {
			isa = PBXContainerItemProxy;
			containerPortal = D509DB2A2768983E00BF01E0 /* Project object */;
			proxyType = 1;
			remoteGlobalIDString = D509DB312768983F00BF01E0;
			remoteInfo = LicensePlistTest;
		};
/* End PBXContainerItemProxy section */

/* Begin PBXFileReference section */
		0A09CCB258F1A4834C29FD7E /* Pods-LicensePlistTest-LicensePlistTestUITests.release.xcconfig */ = {isa = PBXFileReference; includeInIndex = 1; lastKnownFileType = text.xcconfig; name = "Pods-LicensePlistTest-LicensePlistTestUITests.release.xcconfig"; path = "Target Support Files/Pods-LicensePlistTest-LicensePlistTestUITests/Pods-LicensePlistTest-LicensePlistTestUITests.release.xcconfig"; sourceTree = "<group>"; };
		45ED53C26002CF089455F170 /* Pods-LicensePlistTest.release.xcconfig */ = {isa = PBXFileReference; includeInIndex = 1; lastKnownFileType = text.xcconfig; name = "Pods-LicensePlistTest.release.xcconfig"; path = "Target Support Files/Pods-LicensePlistTest/Pods-LicensePlistTest.release.xcconfig"; sourceTree = "<group>"; };
		4CDC6D5D0BBDE5EEC539BD9D /* Pods_LicensePlistTestTests.framework */ = {isa = PBXFileReference; explicitFileType = wrapper.framework; includeInIndex = 0; path = Pods_LicensePlistTestTests.framework; sourceTree = BUILT_PRODUCTS_DIR; };
		9CD323064145E9CAF1146F34 /* Pods_LicensePlistTest_LicensePlistTestUITests.framework */ = {isa = PBXFileReference; explicitFileType = wrapper.framework; includeInIndex = 0; path = Pods_LicensePlistTest_LicensePlistTestUITests.framework; sourceTree = BUILT_PRODUCTS_DIR; };
		AD3DD19F242E8C2123CEF9E3 /* Pods-LicensePlistTest.debug.xcconfig */ = {isa = PBXFileReference; includeInIndex = 1; lastKnownFileType = text.xcconfig; name = "Pods-LicensePlistTest.debug.xcconfig"; path = "Target Support Files/Pods-LicensePlistTest/Pods-LicensePlistTest.debug.xcconfig"; sourceTree = "<group>"; };
		B3C42D372CE45633373D77DC /* Pods-LicensePlistTestTests.debug.xcconfig */ = {isa = PBXFileReference; includeInIndex = 1; lastKnownFileType = text.xcconfig; name = "Pods-LicensePlistTestTests.debug.xcconfig"; path = "Target Support Files/Pods-LicensePlistTestTests/Pods-LicensePlistTestTests.debug.xcconfig"; sourceTree = "<group>"; };
		BB8E0F2AE43AD5B32EA70654 /* Pods-LicensePlistTest-LicensePlistTestUITests.debug.xcconfig */ = {isa = PBXFileReference; includeInIndex = 1; lastKnownFileType = text.xcconfig; name = "Pods-LicensePlistTest-LicensePlistTestUITests.debug.xcconfig"; path = "Target Support Files/Pods-LicensePlistTest-LicensePlistTestUITests/Pods-LicensePlistTest-LicensePlistTestUITests.debug.xcconfig"; sourceTree = "<group>"; };
		CFF22DC8B2B8AFBA2C548C5E /* Pods-LicensePlistTestTests.release.xcconfig */ = {isa = PBXFileReference; includeInIndex = 1; lastKnownFileType = text.xcconfig; name = "Pods-LicensePlistTestTests.release.xcconfig"; path = "Target Support Files/Pods-LicensePlistTestTests/Pods-LicensePlistTestTests.release.xcconfig"; sourceTree = "<group>"; };
		D509DB322768983F00BF01E0 /* LicensePlistTest.app */ = {isa = PBXFileReference; explicitFileType = wrapper.application; includeInIndex = 0; path = LicensePlistTest.app; sourceTree = BUILT_PRODUCTS_DIR; };
		D509DB352768983F00BF01E0 /* LicensePlistTestApp.swift */ = {isa = PBXFileReference; lastKnownFileType = sourcecode.swift; path = LicensePlistTestApp.swift; sourceTree = "<group>"; };
		D509DB372768983F00BF01E0 /* ContentView.swift */ = {isa = PBXFileReference; lastKnownFileType = sourcecode.swift; path = ContentView.swift; sourceTree = "<group>"; };
		D509DB392768984100BF01E0 /* Assets.xcassets */ = {isa = PBXFileReference; lastKnownFileType = folder.assetcatalog; path = Assets.xcassets; sourceTree = "<group>"; };
		D509DB3C2768984100BF01E0 /* Preview Assets.xcassets */ = {isa = PBXFileReference; lastKnownFileType = folder.assetcatalog; path = "Preview Assets.xcassets"; sourceTree = "<group>"; };
		D509DB422768984100BF01E0 /* LicensePlistTestTests.xctest */ = {isa = PBXFileReference; explicitFileType = wrapper.cfbundle; includeInIndex = 0; path = LicensePlistTestTests.xctest; sourceTree = BUILT_PRODUCTS_DIR; };
		D509DB462768984100BF01E0 /* LicensePlistTestTests.swift */ = {isa = PBXFileReference; lastKnownFileType = sourcecode.swift; path = LicensePlistTestTests.swift; sourceTree = "<group>"; };
		D509DB4C2768984100BF01E0 /* LicensePlistTestUITests.xctest */ = {isa = PBXFileReference; explicitFileType = wrapper.cfbundle; includeInIndex = 0; path = LicensePlistTestUITests.xctest; sourceTree = BUILT_PRODUCTS_DIR; };
		D509DB502768984200BF01E0 /* LicensePlistTestUITests.swift */ = {isa = PBXFileReference; lastKnownFileType = sourcecode.swift; path = LicensePlistTestUITests.swift; sourceTree = "<group>"; };
		D509DB522768984200BF01E0 /* LicensePlistTestUITestsLaunchTests.swift */ = {isa = PBXFileReference; lastKnownFileType = sourcecode.swift; path = LicensePlistTestUITestsLaunchTests.swift; sourceTree = "<group>"; };
		D509DB792769AF3900BF01E0 /* Settings.bundle */ = {isa = PBXFileReference; lastKnownFileType = "wrapper.plug-in"; path = Settings.bundle; sourceTree = "<group>"; };
		E14E2D8739659142913B63A2 /* Pods_LicensePlistTest.framework */ = {isa = PBXFileReference; explicitFileType = wrapper.framework; includeInIndex = 0; path = Pods_LicensePlistTest.framework; sourceTree = BUILT_PRODUCTS_DIR; };
/* End PBXFileReference section */

/* Begin PBXFrameworksBuildPhase section */
		D509DB2F2768983F00BF01E0 /* Frameworks */ = {
			isa = PBXFrameworksBuildPhase;
			buildActionMask = 2147483647;
			files = (
				1FCA6B8CD53D21257B50B0A9 /* Pods_LicensePlistTest.framework in Frameworks */,
			);
			runOnlyForDeploymentPostprocessing = 0;
		};
		D509DB3F2768984100BF01E0 /* Frameworks */ = {
			isa = PBXFrameworksBuildPhase;
			buildActionMask = 2147483647;
			files = (
				0E0487D16BC609F2384FA58A /* Pods_LicensePlistTestTests.framework in Frameworks */,
			);
			runOnlyForDeploymentPostprocessing = 0;
		};
		D509DB492768984100BF01E0 /* Frameworks */ = {
			isa = PBXFrameworksBuildPhase;
			buildActionMask = 2147483647;
			files = (
				7904375F40F4EB18CBFC0022 /* Pods_LicensePlistTest_LicensePlistTestUITests.framework in Frameworks */,
			);
			runOnlyForDeploymentPostprocessing = 0;
		};
/* End PBXFrameworksBuildPhase section */

/* Begin PBXGroup section */
		1F9EF12832487F645BB53905 /* Pods */ = {
			isa = PBXGroup;
			children = (
				AD3DD19F242E8C2123CEF9E3 /* Pods-LicensePlistTest.debug.xcconfig */,
				45ED53C26002CF089455F170 /* Pods-LicensePlistTest.release.xcconfig */,
				BB8E0F2AE43AD5B32EA70654 /* Pods-LicensePlistTest-LicensePlistTestUITests.debug.xcconfig */,
				0A09CCB258F1A4834C29FD7E /* Pods-LicensePlistTest-LicensePlistTestUITests.release.xcconfig */,
				B3C42D372CE45633373D77DC /* Pods-LicensePlistTestTests.debug.xcconfig */,
				CFF22DC8B2B8AFBA2C548C5E /* Pods-LicensePlistTestTests.release.xcconfig */,
			);
			path = Pods;
			sourceTree = "<group>";
		};
		9D88661200C82C82EF74BEB0 /* Frameworks */ = {
			isa = PBXGroup;
			children = (
				E14E2D8739659142913B63A2 /* Pods_LicensePlistTest.framework */,
				9CD323064145E9CAF1146F34 /* Pods_LicensePlistTest_LicensePlistTestUITests.framework */,
				4CDC6D5D0BBDE5EEC539BD9D /* Pods_LicensePlistTestTests.framework */,
			);
			name = Frameworks;
			sourceTree = "<group>";
		};
		D509DB292768983E00BF01E0 = {
			isa = PBXGroup;
			children = (
				D509DB342768983F00BF01E0 /* LicensePlistTest */,
				D509DB452768984100BF01E0 /* LicensePlistTestTests */,
				D509DB4F2768984200BF01E0 /* LicensePlistTestUITests */,
				D509DB332768983F00BF01E0 /* Products */,
				1F9EF12832487F645BB53905 /* Pods */,
				9D88661200C82C82EF74BEB0 /* Frameworks */,
			);
			sourceTree = "<group>";
		};
		D509DB332768983F00BF01E0 /* Products */ = {
			isa = PBXGroup;
			children = (
				D509DB322768983F00BF01E0 /* LicensePlistTest.app */,
				D509DB422768984100BF01E0 /* LicensePlistTestTests.xctest */,
				D509DB4C2768984100BF01E0 /* LicensePlistTestUITests.xctest */,
			);
			name = Products;
			sourceTree = "<group>";
		};
		D509DB342768983F00BF01E0 /* LicensePlistTest */ = {
			isa = PBXGroup;
			children = (
				D509DB352768983F00BF01E0 /* LicensePlistTestApp.swift */,
				D509DB372768983F00BF01E0 /* ContentView.swift */,
				D509DB392768984100BF01E0 /* Assets.xcassets */,
				D509DB3B2768984100BF01E0 /* Preview Content */,
				D509DB792769AF3900BF01E0 /* Settings.bundle */,
			);
			path = LicensePlistTest;
			sourceTree = "<group>";
		};
		D509DB3B2768984100BF01E0 /* Preview Content */ = {
			isa = PBXGroup;
			children = (
				D509DB3C2768984100BF01E0 /* Preview Assets.xcassets */,
			);
			path = "Preview Content";
			sourceTree = "<group>";
		};
		D509DB452768984100BF01E0 /* LicensePlistTestTests */ = {
			isa = PBXGroup;
			children = (
				D509DB462768984100BF01E0 /* LicensePlistTestTests.swift */,
			);
			path = LicensePlistTestTests;
			sourceTree = "<group>";
		};
		D509DB4F2768984200BF01E0 /* LicensePlistTestUITests */ = {
			isa = PBXGroup;
			children = (
				D509DB502768984200BF01E0 /* LicensePlistTestUITests.swift */,
				D509DB522768984200BF01E0 /* LicensePlistTestUITestsLaunchTests.swift */,
			);
			path = LicensePlistTestUITests;
			sourceTree = "<group>";
		};
/* End PBXGroup section */

/* Begin PBXNativeTarget section */
		D509DB312768983F00BF01E0 /* LicensePlistTest */ = {
			isa = PBXNativeTarget;
			buildConfigurationList = D509DB562768984200BF01E0 /* Build configuration list for PBXNativeTarget "LicensePlistTest" */;
			buildPhases = (
				8B46C63AD187406B3DDDE36C /* [CP] Check Pods Manifest.lock */,
				D509DB2E2768983F00BF01E0 /* Sources */,
				D509DB2F2768983F00BF01E0 /* Frameworks */,
				D509DB302768983F00BF01E0 /* Resources */,
				2B243F66880E27A8B085B3FD /* [CP] Embed Pods Frameworks */,
			);
			buildRules = (
			);
			dependencies = (
			);
			name = LicensePlistTest;
			productName = LicensePlistTest;
			productReference = D509DB322768983F00BF01E0 /* LicensePlistTest.app */;
			productType = "com.apple.product-type.application";
		};
		D509DB412768984100BF01E0 /* LicensePlistTestTests */ = {
			isa = PBXNativeTarget;
			buildConfigurationList = D509DB592768984200BF01E0 /* Build configuration list for PBXNativeTarget "LicensePlistTestTests" */;
			buildPhases = (
				8204E0F3077CC148967F9D03 /* [CP] Check Pods Manifest.lock */,
				D509DB3E2768984100BF01E0 /* Sources */,
				D509DB3F2768984100BF01E0 /* Frameworks */,
				D509DB402768984100BF01E0 /* Resources */,
			);
			buildRules = (
			);
			dependencies = (
				D509DB442768984100BF01E0 /* PBXTargetDependency */,
			);
			name = LicensePlistTestTests;
			productName = LicensePlistTestTests;
			productReference = D509DB422768984100BF01E0 /* LicensePlistTestTests.xctest */;
			productType = "com.apple.product-type.bundle.unit-test";
		};
		D509DB4B2768984100BF01E0 /* LicensePlistTestUITests */ = {
			isa = PBXNativeTarget;
			buildConfigurationList = D509DB5C2768984200BF01E0 /* Build configuration list for PBXNativeTarget "LicensePlistTestUITests" */;
			buildPhases = (
				FA10054131E529617265A5D9 /* [CP] Check Pods Manifest.lock */,
				D509DB482768984100BF01E0 /* Sources */,
				D509DB492768984100BF01E0 /* Frameworks */,
				D509DB4A2768984100BF01E0 /* Resources */,
				7A215AE7EA858DD61B14F5FF /* [CP] Embed Pods Frameworks */,
			);
			buildRules = (
			);
			dependencies = (
				D509DB4E2768984200BF01E0 /* PBXTargetDependency */,
			);
			name = LicensePlistTestUITests;
			productName = LicensePlistTestUITests;
			productReference = D509DB4C2768984100BF01E0 /* LicensePlistTestUITests.xctest */;
			productType = "com.apple.product-type.bundle.ui-testing";
		};
/* End PBXNativeTarget section */

/* Begin PBXProject section */
		D509DB2A2768983E00BF01E0 /* Project object */ = {
			isa = PBXProject;
			attributes = {
				BuildIndependentTargetsInParallel = 1;
				LastSwiftUpdateCheck = 1310;
				LastUpgradeCheck = 1310;
				TargetAttributes = {
					D509DB312768983F00BF01E0 = {
						CreatedOnToolsVersion = 13.1;
					};
					D509DB412768984100BF01E0 = {
						CreatedOnToolsVersion = 13.1;
						TestTargetID = D509DB312768983F00BF01E0;
					};
					D509DB4B2768984100BF01E0 = {
						CreatedOnToolsVersion = 13.1;
						TestTargetID = D509DB312768983F00BF01E0;
					};
				};
			};
			buildConfigurationList = D509DB2D2768983E00BF01E0 /* Build configuration list for PBXProject "LicensePlistTest" */;
			compatibilityVersion = "Xcode 13.0";
			developmentRegion = en;
			hasScannedForEncodings = 0;
			knownRegions = (
				en,
				Base,
			);
			mainGroup = D509DB292768983E00BF01E0;
			productRefGroup = D509DB332768983F00BF01E0 /* Products */;
			projectDirPath = "";
			projectRoot = "";
			targets = (
				D509DB312768983F00BF01E0 /* LicensePlistTest */,
				D509DB412768984100BF01E0 /* LicensePlistTestTests */,
				D509DB4B2768984100BF01E0 /* LicensePlistTestUITests */,
			);
		};
/* End PBXProject section */

/* Begin PBXResourcesBuildPhase section */
		D509DB302768983F00BF01E0 /* Resources */ = {
			isa = PBXResourcesBuildPhase;
			buildActionMask = 2147483647;
			files = (
				D509DB3D2768984100BF01E0 /* Preview Assets.xcassets in Resources */,
				D509DB7A2769AF3900BF01E0 /* Settings.bundle in Resources */,
				D509DB3A2768984100BF01E0 /* Assets.xcassets in Resources */,
			);
			runOnlyForDeploymentPostprocessing = 0;
		};
		D509DB402768984100BF01E0 /* Resources */ = {
			isa = PBXResourcesBuildPhase;
			buildActionMask = 2147483647;
			files = (
			);
			runOnlyForDeploymentPostprocessing = 0;
		};
		D509DB4A2768984100BF01E0 /* Resources */ = {
			isa = PBXResourcesBuildPhase;
			buildActionMask = 2147483647;
			files = (
			);
			runOnlyForDeploymentPostprocessing = 0;
		};
/* End PBXResourcesBuildPhase section */

/* Begin PBXShellScriptBuildPhase section */
		2B243F66880E27A8B085B3FD /* [CP] Embed Pods Frameworks */ = {
			isa = PBXShellScriptBuildPhase;
			buildActionMask = 2147483647;
			files = (
			);
			inputFileListPaths = (
				"${PODS_ROOT}/Target Support Files/Pods-LicensePlistTest/Pods-LicensePlistTest-frameworks-${CONFIGURATION}-input-files.xcfilelist",
			);
			name = "[CP] Embed Pods Frameworks";
			outputFileListPaths = (
				"${PODS_ROOT}/Target Support Files/Pods-LicensePlistTest/Pods-LicensePlistTest-frameworks-${CONFIGURATION}-output-files.xcfilelist",
			);
			runOnlyForDeploymentPostprocessing = 0;
			shellPath = /bin/sh;
			shellScript = "\"${PODS_ROOT}/Target Support Files/Pods-LicensePlistTest/Pods-LicensePlistTest-frameworks.sh\"\n";
			showEnvVarsInLog = 0;
		};
		7A215AE7EA858DD61B14F5FF /* [CP] Embed Pods Frameworks */ = {
			isa = PBXShellScriptBuildPhase;
			buildActionMask = 2147483647;
			files = (
			);
			inputFileListPaths = (
				"${PODS_ROOT}/Target Support Files/Pods-LicensePlistTest-LicensePlistTestUITests/Pods-LicensePlistTest-LicensePlistTestUITests-frameworks-${CONFIGURATION}-input-files.xcfilelist",
			);
			name = "[CP] Embed Pods Frameworks";
			outputFileListPaths = (
				"${PODS_ROOT}/Target Support Files/Pods-LicensePlistTest-LicensePlistTestUITests/Pods-LicensePlistTest-LicensePlistTestUITests-frameworks-${CONFIGURATION}-output-files.xcfilelist",
			);
			runOnlyForDeploymentPostprocessing = 0;
			shellPath = /bin/sh;
			shellScript = "\"${PODS_ROOT}/Target Support Files/Pods-LicensePlistTest-LicensePlistTestUITests/Pods-LicensePlistTest-LicensePlistTestUITests-frameworks.sh\"\n";
			showEnvVarsInLog = 0;
		};
		8204E0F3077CC148967F9D03 /* [CP] Check Pods Manifest.lock */ = {
			isa = PBXShellScriptBuildPhase;
			buildActionMask = 2147483647;
			files = (
			);
			inputFileListPaths = (
			);
			inputPaths = (
				"${PODS_PODFILE_DIR_PATH}/Podfile.lock",
				"${PODS_ROOT}/Manifest.lock",
			);
			name = "[CP] Check Pods Manifest.lock";
			outputFileListPaths = (
			);
			outputPaths = (
				"$(DERIVED_FILE_DIR)/Pods-LicensePlistTestTests-checkManifestLockResult.txt",
			);
			runOnlyForDeploymentPostprocessing = 0;
			shellPath = /bin/sh;
			shellScript = "diff \"${PODS_PODFILE_DIR_PATH}/Podfile.lock\" \"${PODS_ROOT}/Manifest.lock\" > /dev/null\nif [ $? != 0 ] ; then\n    # print error to STDERR\n    echo \"error: The sandbox is not in sync with the Podfile.lock. Run 'pod install' or update your CocoaPods installation.\" >&2\n    exit 1\nfi\n# This output is used by Xcode 'outputs' to avoid re-running this script phase.\necho \"SUCCESS\" > \"${SCRIPT_OUTPUT_FILE_0}\"\n";
			showEnvVarsInLog = 0;
		};
		8B46C63AD187406B3DDDE36C /* [CP] Check Pods Manifest.lock */ = {
			isa = PBXShellScriptBuildPhase;
			buildActionMask = 2147483647;
			files = (
			);
			inputFileListPaths = (
			);
			inputPaths = (
				"${PODS_PODFILE_DIR_PATH}/Podfile.lock",
				"${PODS_ROOT}/Manifest.lock",
			);
			name = "[CP] Check Pods Manifest.lock";
			outputFileListPaths = (
			);
			outputPaths = (
				"$(DERIVED_FILE_DIR)/Pods-LicensePlistTest-checkManifestLockResult.txt",
			);
			runOnlyForDeploymentPostprocessing = 0;
			shellPath = /bin/sh;
			shellScript = "diff \"${PODS_PODFILE_DIR_PATH}/Podfile.lock\" \"${PODS_ROOT}/Manifest.lock\" > /dev/null\nif [ $? != 0 ] ; then\n    # print error to STDERR\n    echo \"error: The sandbox is not in sync with the Podfile.lock. Run 'pod install' or update your CocoaPods installation.\" >&2\n    exit 1\nfi\n# This output is used by Xcode 'outputs' to avoid re-running this script phase.\necho \"SUCCESS\" > \"${SCRIPT_OUTPUT_FILE_0}\"\n";
			showEnvVarsInLog = 0;
		};
		FA10054131E529617265A5D9 /* [CP] Check Pods Manifest.lock */ = {
			isa = PBXShellScriptBuildPhase;
			buildActionMask = 2147483647;
			files = (
			);
			inputFileListPaths = (
			);
			inputPaths = (
				"${PODS_PODFILE_DIR_PATH}/Podfile.lock",
				"${PODS_ROOT}/Manifest.lock",
			);
			name = "[CP] Check Pods Manifest.lock";
			outputFileListPaths = (
			);
			outputPaths = (
				"$(DERIVED_FILE_DIR)/Pods-LicensePlistTest-LicensePlistTestUITests-checkManifestLockResult.txt",
			);
			runOnlyForDeploymentPostprocessing = 0;
			shellPath = /bin/sh;
			shellScript = "diff \"${PODS_PODFILE_DIR_PATH}/Podfile.lock\" \"${PODS_ROOT}/Manifest.lock\" > /dev/null\nif [ $? != 0 ] ; then\n    # print error to STDERR\n    echo \"error: The sandbox is not in sync with the Podfile.lock. Run 'pod install' or update your CocoaPods installation.\" >&2\n    exit 1\nfi\n# This output is used by Xcode 'outputs' to avoid re-running this script phase.\necho \"SUCCESS\" > \"${SCRIPT_OUTPUT_FILE_0}\"\n";
			showEnvVarsInLog = 0;
		};
/* End PBXShellScriptBuildPhase section */

/* Begin PBXSourcesBuildPhase section */
		D509DB2E2768983F00BF01E0 /* Sources */ = {
			isa = PBXSourcesBuildPhase;
			buildActionMask = 2147483647;
			files = (
				D509DB382768983F00BF01E0 /* ContentView.swift in Sources */,
				D509DB362768983F00BF01E0 /* LicensePlistTestApp.swift in Sources */,
			);
			runOnlyForDeploymentPostprocessing = 0;
		};
		D509DB3E2768984100BF01E0 /* Sources */ = {
			isa = PBXSourcesBuildPhase;
			buildActionMask = 2147483647;
			files = (
				D509DB472768984100BF01E0 /* LicensePlistTestTests.swift in Sources */,
			);
			runOnlyForDeploymentPostprocessing = 0;
		};
		D509DB482768984100BF01E0 /* Sources */ = {
			isa = PBXSourcesBuildPhase;
			buildActionMask = 2147483647;
			files = (
				D509DB512768984200BF01E0 /* LicensePlistTestUITests.swift in Sources */,
				D509DB532768984200BF01E0 /* LicensePlistTestUITestsLaunchTests.swift in Sources */,
			);
			runOnlyForDeploymentPostprocessing = 0;
		};
/* End PBXSourcesBuildPhase section */

/* Begin PBXTargetDependency section */
		D509DB442768984100BF01E0 /* PBXTargetDependency */ = {
			isa = PBXTargetDependency;
			target = D509DB312768983F00BF01E0 /* LicensePlistTest */;
			targetProxy = D509DB432768984100BF01E0 /* PBXContainerItemProxy */;
		};
		D509DB4E2768984200BF01E0 /* PBXTargetDependency */ = {
			isa = PBXTargetDependency;
			target = D509DB312768983F00BF01E0 /* LicensePlistTest */;
			targetProxy = D509DB4D2768984200BF01E0 /* PBXContainerItemProxy */;
		};
/* End PBXTargetDependency section */

/* Begin XCBuildConfiguration section */
		D509DB542768984200BF01E0 /* Debug */ = {
			isa = XCBuildConfiguration;
			buildSettings = {
				ALWAYS_SEARCH_USER_PATHS = NO;
				CLANG_ANALYZER_NONNULL = YES;
				CLANG_ANALYZER_NUMBER_OBJECT_CONVERSION = YES_AGGRESSIVE;
				CLANG_CXX_LANGUAGE_STANDARD = "gnu++17";
				CLANG_CXX_LIBRARY = "libc++";
				CLANG_ENABLE_MODULES = YES;
				CLANG_ENABLE_OBJC_ARC = YES;
				CLANG_ENABLE_OBJC_WEAK = YES;
				CLANG_WARN_BLOCK_CAPTURE_AUTORELEASING = YES;
				CLANG_WARN_BOOL_CONVERSION = YES;
				CLANG_WARN_COMMA = YES;
				CLANG_WARN_CONSTANT_CONVERSION = YES;
				CLANG_WARN_DEPRECATED_OBJC_IMPLEMENTATIONS = YES;
				CLANG_WARN_DIRECT_OBJC_ISA_USAGE = YES_ERROR;
				CLANG_WARN_DOCUMENTATION_COMMENTS = YES;
				CLANG_WARN_EMPTY_BODY = YES;
				CLANG_WARN_ENUM_CONVERSION = YES;
				CLANG_WARN_INFINITE_RECURSION = YES;
				CLANG_WARN_INT_CONVERSION = YES;
				CLANG_WARN_NON_LITERAL_NULL_CONVERSION = YES;
				CLANG_WARN_OBJC_IMPLICIT_RETAIN_SELF = YES;
				CLANG_WARN_OBJC_LITERAL_CONVERSION = YES;
				CLANG_WARN_OBJC_ROOT_CLASS = YES_ERROR;
				CLANG_WARN_QUOTED_INCLUDE_IN_FRAMEWORK_HEADER = YES;
				CLANG_WARN_RANGE_LOOP_ANALYSIS = YES;
				CLANG_WARN_STRICT_PROTOTYPES = YES;
				CLANG_WARN_SUSPICIOUS_MOVE = YES;
				CLANG_WARN_UNGUARDED_AVAILABILITY = YES_AGGRESSIVE;
				CLANG_WARN_UNREACHABLE_CODE = YES;
				CLANG_WARN__DUPLICATE_METHOD_MATCH = YES;
				COPY_PHASE_STRIP = NO;
				DEBUG_INFORMATION_FORMAT = dwarf;
				ENABLE_STRICT_OBJC_MSGSEND = YES;
				ENABLE_TESTABILITY = YES;
				GCC_C_LANGUAGE_STANDARD = gnu11;
				GCC_DYNAMIC_NO_PIC = NO;
				GCC_NO_COMMON_BLOCKS = YES;
				GCC_OPTIMIZATION_LEVEL = 0;
				GCC_PREPROCESSOR_DEFINITIONS = (
					"DEBUG=1",
					"$(inherited)",
				);
				GCC_WARN_64_TO_32_BIT_CONVERSION = YES;
				GCC_WARN_ABOUT_RETURN_TYPE = YES_ERROR;
				GCC_WARN_UNDECLARED_SELECTOR = YES;
				GCC_WARN_UNINITIALIZED_AUTOS = YES_AGGRESSIVE;
				GCC_WARN_UNUSED_FUNCTION = YES;
				GCC_WARN_UNUSED_VARIABLE = YES;
				IPHONEOS_DEPLOYMENT_TARGET = 15.0;
				MTL_ENABLE_DEBUG_INFO = INCLUDE_SOURCE;
				MTL_FAST_MATH = YES;
				ONLY_ACTIVE_ARCH = YES;
				SDKROOT = iphoneos;
				SWIFT_ACTIVE_COMPILATION_CONDITIONS = DEBUG;
				SWIFT_OPTIMIZATION_LEVEL = "-Onone";
			};
			name = Debug;
		};
		D509DB552768984200BF01E0 /* Release */ = {
			isa = XCBuildConfiguration;
			buildSettings = {
				ALWAYS_SEARCH_USER_PATHS = NO;
				CLANG_ANALYZER_NONNULL = YES;
				CLANG_ANALYZER_NUMBER_OBJECT_CONVERSION = YES_AGGRESSIVE;
				CLANG_CXX_LANGUAGE_STANDARD = "gnu++17";
				CLANG_CXX_LIBRARY = "libc++";
				CLANG_ENABLE_MODULES = YES;
				CLANG_ENABLE_OBJC_ARC = YES;
				CLANG_ENABLE_OBJC_WEAK = YES;
				CLANG_WARN_BLOCK_CAPTURE_AUTORELEASING = YES;
				CLANG_WARN_BOOL_CONVERSION = YES;
				CLANG_WARN_COMMA = YES;
				CLANG_WARN_CONSTANT_CONVERSION = YES;
				CLANG_WARN_DEPRECATED_OBJC_IMPLEMENTATIONS = YES;
				CLANG_WARN_DIRECT_OBJC_ISA_USAGE = YES_ERROR;
				CLANG_WARN_DOCUMENTATION_COMMENTS = YES;
				CLANG_WARN_EMPTY_BODY = YES;
				CLANG_WARN_ENUM_CONVERSION = YES;
				CLANG_WARN_INFINITE_RECURSION = YES;
				CLANG_WARN_INT_CONVERSION = YES;
				CLANG_WARN_NON_LITERAL_NULL_CONVERSION = YES;
				CLANG_WARN_OBJC_IMPLICIT_RETAIN_SELF = YES;
				CLANG_WARN_OBJC_LITERAL_CONVERSION = YES;
				CLANG_WARN_OBJC_ROOT_CLASS = YES_ERROR;
				CLANG_WARN_QUOTED_INCLUDE_IN_FRAMEWORK_HEADER = YES;
				CLANG_WARN_RANGE_LOOP_ANALYSIS = YES;
				CLANG_WARN_STRICT_PROTOTYPES = YES;
				CLANG_WARN_SUSPICIOUS_MOVE = YES;
				CLANG_WARN_UNGUARDED_AVAILABILITY = YES_AGGRESSIVE;
				CLANG_WARN_UNREACHABLE_CODE = YES;
				CLANG_WARN__DUPLICATE_METHOD_MATCH = YES;
				COPY_PHASE_STRIP = NO;
				DEBUG_INFORMATION_FORMAT = "dwarf-with-dsym";
				ENABLE_NS_ASSERTIONS = NO;
				ENABLE_STRICT_OBJC_MSGSEND = YES;
				GCC_C_LANGUAGE_STANDARD = gnu11;
				GCC_NO_COMMON_BLOCKS = YES;
				GCC_WARN_64_TO_32_BIT_CONVERSION = YES;
				GCC_WARN_ABOUT_RETURN_TYPE = YES_ERROR;
				GCC_WARN_UNDECLARED_SELECTOR = YES;
				GCC_WARN_UNINITIALIZED_AUTOS = YES_AGGRESSIVE;
				GCC_WARN_UNUSED_FUNCTION = YES;
				GCC_WARN_UNUSED_VARIABLE = YES;
				IPHONEOS_DEPLOYMENT_TARGET = 15.0;
				MTL_ENABLE_DEBUG_INFO = NO;
				MTL_FAST_MATH = YES;
				SDKROOT = iphoneos;
				SWIFT_COMPILATION_MODE = wholemodule;
				SWIFT_OPTIMIZATION_LEVEL = "-O";
				VALIDATE_PRODUCT = YES;
			};
			name = Release;
		};
		D509DB572768984200BF01E0 /* Debug */ = {
			isa = XCBuildConfiguration;
			baseConfigurationReference = AD3DD19F242E8C2123CEF9E3 /* Pods-LicensePlistTest.debug.xcconfig */;
			buildSettings = {
				ASSETCATALOG_COMPILER_APPICON_NAME = AppIcon;
				ASSETCATALOG_COMPILER_GLOBAL_ACCENT_COLOR_NAME = AccentColor;
				CODE_SIGN_STYLE = Automatic;
				CURRENT_PROJECT_VERSION = 1;
				DEVELOPMENT_ASSET_PATHS = "\"LicensePlistTest/Preview Content\"";
				DEVELOPMENT_TEAM = 25RDR9DFWB;
				ENABLE_PREVIEWS = YES;
				GENERATE_INFOPLIST_FILE = YES;
				INFOPLIST_KEY_UIApplicationSceneManifest_Generation = YES;
				INFOPLIST_KEY_UIApplicationSupportsIndirectInputEvents = YES;
				INFOPLIST_KEY_UILaunchScreen_Generation = YES;
				INFOPLIST_KEY_UISupportedInterfaceOrientations_iPad = "UIInterfaceOrientationPortrait UIInterfaceOrientationPortraitUpsideDown UIInterfaceOrientationLandscapeLeft UIInterfaceOrientationLandscapeRight";
				INFOPLIST_KEY_UISupportedInterfaceOrientations_iPhone = "UIInterfaceOrientationPortrait UIInterfaceOrientationLandscapeLeft UIInterfaceOrientationLandscapeRight";
				LD_RUNPATH_SEARCH_PATHS = (
					"$(inherited)",
					"@executable_path/Frameworks",
				);
				MARKETING_VERSION = 1.0;
				PRODUCT_BUNDLE_IDENTIFIER = com.t.LicensePlistTest;
				PRODUCT_NAME = "$(TARGET_NAME)";
				SWIFT_EMIT_LOC_STRINGS = YES;
				SWIFT_VERSION = 5.0;
				TARGETED_DEVICE_FAMILY = "1,2";
			};
			name = Debug;
		};
		D509DB582768984200BF01E0 /* Release */ = {
			isa = XCBuildConfiguration;
			baseConfigurationReference = 45ED53C26002CF089455F170 /* Pods-LicensePlistTest.release.xcconfig */;
			buildSettings = {
				ASSETCATALOG_COMPILER_APPICON_NAME = AppIcon;
				ASSETCATALOG_COMPILER_GLOBAL_ACCENT_COLOR_NAME = AccentColor;
				CODE_SIGN_STYLE = Automatic;
				CURRENT_PROJECT_VERSION = 1;
				DEVELOPMENT_ASSET_PATHS = "\"LicensePlistTest/Preview Content\"";
				DEVELOPMENT_TEAM = 25RDR9DFWB;
				ENABLE_PREVIEWS = YES;
				GENERATE_INFOPLIST_FILE = YES;
				INFOPLIST_KEY_UIApplicationSceneManifest_Generation = YES;
				INFOPLIST_KEY_UIApplicationSupportsIndirectInputEvents = YES;
				INFOPLIST_KEY_UILaunchScreen_Generation = YES;
				INFOPLIST_KEY_UISupportedInterfaceOrientations_iPad = "UIInterfaceOrientationPortrait UIInterfaceOrientationPortraitUpsideDown UIInterfaceOrientationLandscapeLeft UIInterfaceOrientationLandscapeRight";
				INFOPLIST_KEY_UISupportedInterfaceOrientations_iPhone = "UIInterfaceOrientationPortrait UIInterfaceOrientationLandscapeLeft UIInterfaceOrientationLandscapeRight";
				LD_RUNPATH_SEARCH_PATHS = (
					"$(inherited)",
					"@executable_path/Frameworks",
				);
				MARKETING_VERSION = 1.0;
				PRODUCT_BUNDLE_IDENTIFIER = com.t.LicensePlistTest;
				PRODUCT_NAME = "$(TARGET_NAME)";
				SWIFT_EMIT_LOC_STRINGS = YES;
				SWIFT_VERSION = 5.0;
				TARGETED_DEVICE_FAMILY = "1,2";
			};
			name = Release;
		};
		D509DB5A2768984200BF01E0 /* Debug */ = {
			isa = XCBuildConfiguration;
			baseConfigurationReference = B3C42D372CE45633373D77DC /* Pods-LicensePlistTestTests.debug.xcconfig */;
			buildSettings = {
				ALWAYS_EMBED_SWIFT_STANDARD_LIBRARIES = YES;
				BUNDLE_LOADER = "$(TEST_HOST)";
				CODE_SIGN_STYLE = Automatic;
				CURRENT_PROJECT_VERSION = 1;
				DEVELOPMENT_TEAM = 25RDR9DFWB;
				GENERATE_INFOPLIST_FILE = YES;
				IPHONEOS_DEPLOYMENT_TARGET = 15.0;
				LD_RUNPATH_SEARCH_PATHS = (
					"$(inherited)",
					"@executable_path/Frameworks",
					"@loader_path/Frameworks",
				);
				MARKETING_VERSION = 1.0;
				PRODUCT_BUNDLE_IDENTIFIER = com.t.LicensePlistTestTests;
				PRODUCT_NAME = "$(TARGET_NAME)";
				SWIFT_EMIT_LOC_STRINGS = NO;
				SWIFT_VERSION = 5.0;
				TARGETED_DEVICE_FAMILY = "1,2";
				TEST_HOST = "$(BUILT_PRODUCTS_DIR)/LicensePlistTest.app/LicensePlistTest";
			};
			name = Debug;
		};
		D509DB5B2768984200BF01E0 /* Release */ = {
			isa = XCBuildConfiguration;
			baseConfigurationReference = CFF22DC8B2B8AFBA2C548C5E /* Pods-LicensePlistTestTests.release.xcconfig */;
			buildSettings = {
				ALWAYS_EMBED_SWIFT_STANDARD_LIBRARIES = YES;
				BUNDLE_LOADER = "$(TEST_HOST)";
				CODE_SIGN_STYLE = Automatic;
				CURRENT_PROJECT_VERSION = 1;
				DEVELOPMENT_TEAM = 25RDR9DFWB;
				GENERATE_INFOPLIST_FILE = YES;
				IPHONEOS_DEPLOYMENT_TARGET = 15.0;
				LD_RUNPATH_SEARCH_PATHS = (
					"$(inherited)",
					"@executable_path/Frameworks",
					"@loader_path/Frameworks",
				);
				MARKETING_VERSION = 1.0;
				PRODUCT_BUNDLE_IDENTIFIER = com.t.LicensePlistTestTests;
				PRODUCT_NAME = "$(TARGET_NAME)";
				SWIFT_EMIT_LOC_STRINGS = NO;
				SWIFT_VERSION = 5.0;
				TARGETED_DEVICE_FAMILY = "1,2";
				TEST_HOST = "$(BUILT_PRODUCTS_DIR)/LicensePlistTest.app/LicensePlistTest";
			};
			name = Release;
		};
		D509DB5D2768984200BF01E0 /* Debug */ = {
			isa = XCBuildConfiguration;
			baseConfigurationReference = BB8E0F2AE43AD5B32EA70654 /* Pods-LicensePlistTest-LicensePlistTestUITests.debug.xcconfig */;
			buildSettings = {
				ALWAYS_EMBED_SWIFT_STANDARD_LIBRARIES = YES;
				CODE_SIGN_STYLE = Automatic;
				CURRENT_PROJECT_VERSION = 1;
				DEVELOPMENT_TEAM = 25RDR9DFWB;
				GENERATE_INFOPLIST_FILE = YES;
				LD_RUNPATH_SEARCH_PATHS = (
					"$(inherited)",
					"@executable_path/Frameworks",
					"@loader_path/Frameworks",
				);
				MARKETING_VERSION = 1.0;
				PRODUCT_BUNDLE_IDENTIFIER = com.t.LicensePlistTestUITests;
				PRODUCT_NAME = "$(TARGET_NAME)";
				SWIFT_EMIT_LOC_STRINGS = NO;
				SWIFT_VERSION = 5.0;
				TARGETED_DEVICE_FAMILY = "1,2";
				TEST_TARGET_NAME = LicensePlistTest;
			};
			name = Debug;
		};
		D509DB5E2768984200BF01E0 /* Release */ = {
			isa = XCBuildConfiguration;
			baseConfigurationReference = 0A09CCB258F1A4834C29FD7E /* Pods-LicensePlistTest-LicensePlistTestUITests.release.xcconfig */;
			buildSettings = {
				ALWAYS_EMBED_SWIFT_STANDARD_LIBRARIES = YES;
				CODE_SIGN_STYLE = Automatic;
				CURRENT_PROJECT_VERSION = 1;
				DEVELOPMENT_TEAM = 25RDR9DFWB;
				GENERATE_INFOPLIST_FILE = YES;
				LD_RUNPATH_SEARCH_PATHS = (
					"$(inherited)",
					"@executable_path/Frameworks",
					"@loader_path/Frameworks",
				);
				MARKETING_VERSION = 1.0;
				PRODUCT_BUNDLE_IDENTIFIER = com.t.LicensePlistTestUITests;
				PRODUCT_NAME = "$(TARGET_NAME)";
				SWIFT_EMIT_LOC_STRINGS = NO;
				SWIFT_VERSION = 5.0;
				TARGETED_DEVICE_FAMILY = "1,2";
				TEST_TARGET_NAME = LicensePlistTest;
			};
			name = Release;
		};
/* End XCBuildConfiguration section */

/* Begin XCConfigurationList section */
		D509DB2D2768983E00BF01E0 /* Build configuration list for PBXProject "LicensePlistTest" */ = {
			isa = XCConfigurationList;
			buildConfigurations = (
				D509DB542768984200BF01E0 /* Debug */,
				D509DB552768984200BF01E0 /* Release */,
			);
			defaultConfigurationIsVisible = 0;
			defaultConfigurationName = Release;
		};
		D509DB562768984200BF01E0 /* Build configuration list for PBXNativeTarget "LicensePlistTest" */ = {
			isa = XCConfigurationList;
			buildConfigurations = (
				D509DB572768984200BF01E0 /* Debug */,
				D509DB582768984200BF01E0 /* Release */,
			);
			defaultConfigurationIsVisible = 0;
			defaultConfigurationName = Release;
		};
		D509DB592768984200BF01E0 /* Build configuration list for PBXNativeTarget "LicensePlistTestTests" */ = {
			isa = XCConfigurationList;
			buildConfigurations = (
				D509DB5A2768984200BF01E0 /* Debug */,
				D509DB5B2768984200BF01E0 /* Release */,
			);
			defaultConfigurationIsVisible = 0;
			defaultConfigurationName = Release;
		};
		D509DB5C2768984200BF01E0 /* Build configuration list for PBXNativeTarget "LicensePlistTestUITests" */ = {
			isa = XCConfigurationList;
			buildConfigurations = (
				D509DB5D2768984200BF01E0 /* Debug */,
				D509DB5E2768984200BF01E0 /* Release */,
			);
			defaultConfigurationIsVisible = 0;
			defaultConfigurationName = Release;
		};
/* End XCConfigurationList section */
	};
	rootObject = D509DB2A2768983E00BF01E0 /* Project object */;
}
